// !$*UTF8*$!
{
	archiveVersion = 1;
	classes = {
	};
	objectVersion = 50;
	objects = {

/* Begin PBXBuildFile section */
		F35F88A124BC516900345080 /* AppDelegate.swift in Sources */ = {isa = PBXBuildFile; fileRef = F35F88A024BC516900345080 /* AppDelegate.swift */; };
		F35F88A324BC516900345080 /* SceneDelegate.swift in Sources */ = {isa = PBXBuildFile; fileRef = F35F88A224BC516900345080 /* SceneDelegate.swift */; };
		F35F88A524BC516900345080 /* ContactViewController.swift in Sources */ = {isa = PBXBuildFile; fileRef = F35F88A424BC516900345080 /* ContactViewController.swift */; };
		F35F88A824BC516900345080 /* Main.storyboard in Resources */ = {isa = PBXBuildFile; fileRef = F35F88A624BC516900345080 /* Main.storyboard */; };
		F35F88AA24BC516900345080 /* Assets.xcassets in Resources */ = {isa = PBXBuildFile; fileRef = F35F88A924BC516900345080 /* Assets.xcassets */; };
		F35F88AD24BC516900345080 /* LaunchScreen.storyboard in Resources */ = {isa = PBXBuildFile; fileRef = F35F88AB24BC516900345080 /* LaunchScreen.storyboard */; };
		F35F88B824BC516A00345080 /* ContactsTests.swift in Sources */ = {isa = PBXBuildFile; fileRef = F35F88B724BC516A00345080 /* ContactsTests.swift */; };
		F35F88C324BC7BAE00345080 /* Contact.swift in Sources */ = {isa = PBXBuildFile; fileRef = F35F88C224BC7BAE00345080 /* Contact.swift */; };
		F35F88C524BC906D00345080 /* ContactTableViewCell.swift in Sources */ = {isa = PBXBuildFile; fileRef = F35F88C424BC906D00345080 /* ContactTableViewCell.swift */; };
		F35F88C924BC9B9B00345080 /* ContactTableViewController.swift in Sources */ = {isa = PBXBuildFile; fileRef = F35F88C824BC9B9B00345080 /* ContactTableViewController.swift */; };
		F3684BED24BDA99B00217EA9 /* UIImageExtension.swift in Sources */ = {isa = PBXBuildFile; fileRef = F3684BEC24BDA99B00217EA9 /* UIImageExtension.swift */; };
		F3684BEF24BDD5CD00217EA9 /* ContactDetailViewController.swift in Sources */ = {isa = PBXBuildFile; fileRef = F3684BEE24BDD5CD00217EA9 /* ContactDetailViewController.swift */; };
/* End PBXBuildFile section */

/* Begin PBXContainerItemProxy section */
		F35F88B424BC516A00345080 /* PBXContainerItemProxy */ = {
			isa = PBXContainerItemProxy;
			containerPortal = F35F889524BC516900345080 /* Project object */;
			proxyType = 1;
			remoteGlobalIDString = F35F889C24BC516900345080;
			remoteInfo = Contacts;
		};
/* End PBXContainerItemProxy section */

/* Begin PBXFileReference section */
		F35F889D24BC516900345080 /* Contacts.app */ = {isa = PBXFileReference; explicitFileType = wrapper.application; includeInIndex = 0; path = Contacts.app; sourceTree = BUILT_PRODUCTS_DIR; };
		F35F88A024BC516900345080 /* AppDelegate.swift */ = {isa = PBXFileReference; lastKnownFileType = sourcecode.swift; path = AppDelegate.swift; sourceTree = "<group>"; };
		F35F88A224BC516900345080 /* SceneDelegate.swift */ = {isa = PBXFileReference; lastKnownFileType = sourcecode.swift; path = SceneDelegate.swift; sourceTree = "<group>"; };
		F35F88A424BC516900345080 /* ContactViewController.swift */ = {isa = PBXFileReference; lastKnownFileType = sourcecode.swift; path = ContactViewController.swift; sourceTree = "<group>"; };
		F35F88A724BC516900345080 /* Base */ = {isa = PBXFileReference; lastKnownFileType = file.storyboard; name = Base; path = Base.lproj/Main.storyboard; sourceTree = "<group>"; };
		F35F88A924BC516900345080 /* Assets.xcassets */ = {isa = PBXFileReference; lastKnownFileType = folder.assetcatalog; path = Assets.xcassets; sourceTree = "<group>"; };
		F35F88AC24BC516900345080 /* Base */ = {isa = PBXFileReference; lastKnownFileType = file.storyboard; name = Base; path = Base.lproj/LaunchScreen.storyboard; sourceTree = "<group>"; };
		F35F88AE24BC516900345080 /* Info.plist */ = {isa = PBXFileReference; lastKnownFileType = text.plist.xml; path = Info.plist; sourceTree = "<group>"; };
		F35F88B324BC516A00345080 /* ContactsTests.xctest */ = {isa = PBXFileReference; explicitFileType = wrapper.cfbundle; includeInIndex = 0; path = ContactsTests.xctest; sourceTree = BUILT_PRODUCTS_DIR; };
		F35F88B724BC516A00345080 /* ContactsTests.swift */ = {isa = PBXFileReference; lastKnownFileType = sourcecode.swift; path = ContactsTests.swift; sourceTree = "<group>"; };
		F35F88B924BC516A00345080 /* Info.plist */ = {isa = PBXFileReference; lastKnownFileType = text.plist.xml; path = Info.plist; sourceTree = "<group>"; };
		F35F88C224BC7BAE00345080 /* Contact.swift */ = {isa = PBXFileReference; lastKnownFileType = sourcecode.swift; path = Contact.swift; sourceTree = "<group>"; };
		F35F88C424BC906D00345080 /* ContactTableViewCell.swift */ = {isa = PBXFileReference; lastKnownFileType = sourcecode.swift; path = ContactTableViewCell.swift; sourceTree = "<group>"; };
		F35F88C824BC9B9B00345080 /* ContactTableViewController.swift */ = {isa = PBXFileReference; lastKnownFileType = sourcecode.swift; path = ContactTableViewController.swift; sourceTree = "<group>"; };
		F3684BEC24BDA99B00217EA9 /* UIImageExtension.swift */ = {isa = PBXFileReference; lastKnownFileType = sourcecode.swift; path = UIImageExtension.swift; sourceTree = "<group>"; };
		F3684BEE24BDD5CD00217EA9 /* ContactDetailViewController.swift */ = {isa = PBXFileReference; lastKnownFileType = sourcecode.swift; path = ContactDetailViewController.swift; sourceTree = "<group>"; };
/* End PBXFileReference section */

/* Begin PBXFrameworksBuildPhase section */
		F35F889A24BC516900345080 /* Frameworks */ = {
			isa = PBXFrameworksBuildPhase;
			buildActionMask = 2147483647;
			files = (
			);
			runOnlyForDeploymentPostprocessing = 0;
		};
		F35F88B024BC516A00345080 /* Frameworks */ = {
			isa = PBXFrameworksBuildPhase;
			buildActionMask = 2147483647;
			files = (
			);
			runOnlyForDeploymentPostprocessing = 0;
		};
/* End PBXFrameworksBuildPhase section */

/* Begin PBXGroup section */
		F35F889424BC516900345080 = {
			isa = PBXGroup;
			children = (
				F35F889F24BC516900345080 /* Contacts */,
				F35F88B624BC516A00345080 /* ContactsTests */,
				F35F889E24BC516900345080 /* Products */,
			);
			sourceTree = "<group>";
		};
		F35F889E24BC516900345080 /* Products */ = {
			isa = PBXGroup;
			children = (
				F35F889D24BC516900345080 /* Contacts.app */,
				F35F88B324BC516A00345080 /* ContactsTests.xctest */,
			);
			name = Products;
			sourceTree = "<group>";
		};
		F35F889F24BC516900345080 /* Contacts */ = {
			isa = PBXGroup;
			children = (
				F35F88C224BC7BAE00345080 /* Contact.swift */,
				F35F88C424BC906D00345080 /* ContactTableViewCell.swift */,
				F35F88A024BC516900345080 /* AppDelegate.swift */,
				F35F88A224BC516900345080 /* SceneDelegate.swift */,
				F35F88A424BC516900345080 /* ContactViewController.swift */,
				F35F88A624BC516900345080 /* Main.storyboard */,
				F35F88A924BC516900345080 /* Assets.xcassets */,
				F35F88AB24BC516900345080 /* LaunchScreen.storyboard */,
				F35F88AE24BC516900345080 /* Info.plist */,
				F35F88C824BC9B9B00345080 /* ContactTableViewController.swift */,
				F3684BEC24BDA99B00217EA9 /* UIImageExtension.swift */,
				F3684BEE24BDD5CD00217EA9 /* ContactDetailViewController.swift */,
			);
			path = Contacts;
			sourceTree = "<group>";
		};
		F35F88B624BC516A00345080 /* ContactsTests */ = {
			isa = PBXGroup;
			children = (
				F35F88B724BC516A00345080 /* ContactsTests.swift */,
				F35F88B924BC516A00345080 /* Info.plist */,
			);
			path = ContactsTests;
			sourceTree = "<group>";
		};
/* End PBXGroup section */

/* Begin PBXNativeTarget section */
		F35F889C24BC516900345080 /* Contacts */ = {
			isa = PBXNativeTarget;
			buildConfigurationList = F35F88BC24BC516A00345080 /* Build configuration list for PBXNativeTarget "Contacts" */;
			buildPhases = (
				F35F889924BC516900345080 /* Sources */,
				F35F889A24BC516900345080 /* Frameworks */,
				F35F889B24BC516900345080 /* Resources */,
			);
			buildRules = (
			);
			dependencies = (
			);
			name = Contacts;
			productName = Contacts;
			productReference = F35F889D24BC516900345080 /* Contacts.app */;
			productType = "com.apple.product-type.application";
		};
		F35F88B224BC516A00345080 /* ContactsTests */ = {
			isa = PBXNativeTarget;
			buildConfigurationList = F35F88BF24BC516A00345080 /* Build configuration list for PBXNativeTarget "ContactsTests" */;
			buildPhases = (
				F35F88AF24BC516A00345080 /* Sources */,
				F35F88B024BC516A00345080 /* Frameworks */,
				F35F88B124BC516A00345080 /* Resources */,
			);
			buildRules = (
			);
			dependencies = (
				F35F88B524BC516A00345080 /* PBXTargetDependency */,
			);
			name = ContactsTests;
			productName = ContactsTests;
			productReference = F35F88B324BC516A00345080 /* ContactsTests.xctest */;
			productType = "com.apple.product-type.bundle.unit-test";
		};
/* End PBXNativeTarget section */

/* Begin PBXProject section */
		F35F889524BC516900345080 /* Project object */ = {
			isa = PBXProject;
			attributes = {
				LastSwiftUpdateCheck = 1150;
				LastUpgradeCheck = 1150;
				ORGANIZATIONNAME = "Djimon Nowak";
				TargetAttributes = {
					F35F889C24BC516900345080 = {
						CreatedOnToolsVersion = 11.5;
					};
					F35F88B224BC516A00345080 = {
						CreatedOnToolsVersion = 11.5;
						TestTargetID = F35F889C24BC516900345080;
					};
				};
			};
			buildConfigurationList = F35F889824BC516900345080 /* Build configuration list for PBXProject "Contacts" */;
			compatibilityVersion = "Xcode 9.3";
			developmentRegion = en;
			hasScannedForEncodings = 0;
			knownRegions = (
				en,
				Base,
			);
			mainGroup = F35F889424BC516900345080;
			productRefGroup = F35F889E24BC516900345080 /* Products */;
			projectDirPath = "";
			projectRoot = "";
			targets = (
				F35F889C24BC516900345080 /* Contacts */,
				F35F88B224BC516A00345080 /* ContactsTests */,
			);
		};
/* End PBXProject section */

/* Begin PBXResourcesBuildPhase section */
		F35F889B24BC516900345080 /* Resources */ = {
			isa = PBXResourcesBuildPhase;
			buildActionMask = 2147483647;
			files = (
				F35F88AD24BC516900345080 /* LaunchScreen.storyboard in Resources */,
				F35F88AA24BC516900345080 /* Assets.xcassets in Resources */,
				F35F88A824BC516900345080 /* Main.storyboard in Resources */,
			);
			runOnlyForDeploymentPostprocessing = 0;
		};
		F35F88B124BC516A00345080 /* Resources */ = {
			isa = PBXResourcesBuildPhase;
			buildActionMask = 2147483647;
			files = (
			);
			runOnlyForDeploymentPostprocessing = 0;
		};
/* End PBXResourcesBuildPhase section */

/* Begin PBXSourcesBuildPhase section */
		F35F889924BC516900345080 /* Sources */ = {
			isa = PBXSourcesBuildPhase;
			buildActionMask = 2147483647;
			files = (
				F35F88C324BC7BAE00345080 /* Contact.swift in Sources */,
				F35F88C524BC906D00345080 /* ContactTableViewCell.swift in Sources */,
				F3684BED24BDA99B00217EA9 /* UIImageExtension.swift in Sources */,
				F35F88C924BC9B9B00345080 /* ContactTableViewController.swift in Sources */,
				F35F88A524BC516900345080 /* ContactViewController.swift in Sources */,
				F35F88A124BC516900345080 /* AppDelegate.swift in Sources */,
				F3684BEF24BDD5CD00217EA9 /* ContactDetailViewController.swift in Sources */,
				F35F88A324BC516900345080 /* SceneDelegate.swift in Sources */,
			);
			runOnlyForDeploymentPostprocessing = 0;
		};
		F35F88AF24BC516A00345080 /* Sources */ = {
			isa = PBXSourcesBuildPhase;
			buildActionMask = 2147483647;
			files = (
				F35F88B824BC516A00345080 /* ContactsTests.swift in Sources */,
			);
			runOnlyForDeploymentPostprocessing = 0;
		};
/* End PBXSourcesBuildPhase section */

/* Begin PBXTargetDependency section */
		F35F88B524BC516A00345080 /* PBXTargetDependency */ = {
			isa = PBXTargetDependency;
			target = F35F889C24BC516900345080 /* Contacts */;
			targetProxy = F35F88B424BC516A00345080 /* PBXContainerItemProxy */;
		};
/* End PBXTargetDependency section */

/* Begin PBXVariantGroup section */
		F35F88A624BC516900345080 /* Main.storyboard */ = {
			isa = PBXVariantGroup;
			children = (
				F35F88A724BC516900345080 /* Base */,
			);
			name = Main.storyboard;
			sourceTree = "<group>";
		};
		F35F88AB24BC516900345080 /* LaunchScreen.storyboard */ = {
			isa = PBXVariantGroup;
			children = (
				F35F88AC24BC516900345080 /* Base */,
			);
			name = LaunchScreen.storyboard;
			sourceTree = "<group>";
		};
/* End PBXVariantGroup section */

/* Begin XCBuildConfiguration section */
		F35F88BA24BC516A00345080 /* Debug */ = {
			isa = XCBuildConfiguration;
			buildSettings = {
				ALWAYS_SEARCH_USER_PATHS = NO;
				CLANG_ANALYZER_NONNULL = YES;
				CLANG_ANALYZER_NUMBER_OBJECT_CONVERSION = YES_AGGRESSIVE;
				CLANG_CXX_LANGUAGE_STANDARD = "gnu++14";
				CLANG_CXX_LIBRARY = "libc++";
				CLANG_ENABLE_MODULES = YES;
				CLANG_ENABLE_OBJC_ARC = YES;
				CLANG_ENABLE_OBJC_WEAK = YES;
				CLANG_WARN_BLOCK_CAPTURE_AUTORELEASING = YES;
				CLANG_WARN_BOOL_CONVERSION = YES;
				CLANG_WARN_COMMA = YES;
				CLANG_WARN_CONSTANT_CONVERSION = YES;
				CLANG_WARN_DEPRECATED_OBJC_IMPLEMENTATIONS = YES;
				CLANG_WARN_DIRECT_OBJC_ISA_USAGE = YES_ERROR;
				CLANG_WARN_DOCUMENTATION_COMMENTS = YES;
				CLANG_WARN_EMPTY_BODY = YES;
				CLANG_WARN_ENUM_CONVERSION = YES;
				CLANG_WARN_INFINITE_RECURSION = YES;
				CLANG_WARN_INT_CONVERSION = YES;
				CLANG_WARN_NON_LITERAL_NULL_CONVERSION = YES;
				CLANG_WARN_OBJC_IMPLICIT_RETAIN_SELF = YES;
				CLANG_WARN_OBJC_LITERAL_CONVERSION = YES;
				CLANG_WARN_OBJC_ROOT_CLASS = YES_ERROR;
				CLANG_WARN_RANGE_LOOP_ANALYSIS = YES;
				CLANG_WARN_STRICT_PROTOTYPES = YES;
				CLANG_WARN_SUSPICIOUS_MOVE = YES;
				CLANG_WARN_UNGUARDED_AVAILABILITY = YES_AGGRESSIVE;
				CLANG_WARN_UNREACHABLE_CODE = YES;
				CLANG_WARN__DUPLICATE_METHOD_MATCH = YES;
				COPY_PHASE_STRIP = NO;
				DEBUG_INFORMATION_FORMAT = dwarf;
				ENABLE_STRICT_OBJC_MSGSEND = YES;
				ENABLE_TESTABILITY = YES;
				GCC_C_LANGUAGE_STANDARD = gnu11;
				GCC_DYNAMIC_NO_PIC = NO;
				GCC_NO_COMMON_BLOCKS = YES;
				GCC_OPTIMIZATION_LEVEL = 0;
				GCC_PREPROCESSOR_DEFINITIONS = (
					"DEBUG=1",
					"$(inherited)",
				);
				GCC_WARN_64_TO_32_BIT_CONVERSION = YES;
				GCC_WARN_ABOUT_RETURN_TYPE = YES_ERROR;
				GCC_WARN_UNDECLARED_SELECTOR = YES;
				GCC_WARN_UNINITIALIZED_AUTOS = YES_AGGRESSIVE;
				GCC_WARN_UNUSED_FUNCTION = YES;
				GCC_WARN_UNUSED_VARIABLE = YES;
				IPHONEOS_DEPLOYMENT_TARGET = 13.5;
				MTL_ENABLE_DEBUG_INFO = INCLUDE_SOURCE;
				MTL_FAST_MATH = YES;
				ONLY_ACTIVE_ARCH = YES;
				SDKROOT = iphoneos;
				SWIFT_ACTIVE_COMPILATION_CONDITIONS = DEBUG;
				SWIFT_OPTIMIZATION_LEVEL = "-Onone";
			};
			name = Debug;
		};
		F35F88BB24BC516A00345080 /* Release */ = {
			isa = XCBuildConfiguration;
			buildSettings = {
				ALWAYS_SEARCH_USER_PATHS = NO;
				CLANG_ANALYZER_NONNULL = YES;
				CLANG_ANALYZER_NUMBER_OBJECT_CONVERSION = YES_AGGRESSIVE;
				CLANG_CXX_LANGUAGE_STANDARD = "gnu++14";
				CLANG_CXX_LIBRARY = "libc++";
				CLANG_ENABLE_MODULES = YES;
				CLANG_ENABLE_OBJC_ARC = YES;
				CLANG_ENABLE_OBJC_WEAK = YES;
				CLANG_WARN_BLOCK_CAPTURE_AUTORELEASING = YES;
				CLANG_WARN_BOOL_CONVERSION = YES;
				CLANG_WARN_COMMA = YES;
				CLANG_WARN_CONSTANT_CONVERSION = YES;
				CLANG_WARN_DEPRECATED_OBJC_IMPLEMENTATIONS = YES;
				CLANG_WARN_DIRECT_OBJC_ISA_USAGE = YES_ERROR;
				CLANG_WARN_DOCUMENTATION_COMMENTS = YES;
				CLANG_WARN_EMPTY_BODY = YES;
				CLANG_WARN_ENUM_CONVERSION = YES;
				CLANG_WARN_INFINITE_RECURSION = YES;
				CLANG_WARN_INT_CONVERSION = YES;
				CLANG_WARN_NON_LITERAL_NULL_CONVERSION = YES;
				CLANG_WARN_OBJC_IMPLICIT_RETAIN_SELF = YES;
				CLANG_WARN_OBJC_LITERAL_CONVERSION = YES;
				CLANG_WARN_OBJC_ROOT_CLASS = YES_ERROR;
				CLANG_WARN_RANGE_LOOP_ANALYSIS = YES;
				CLANG_WARN_STRICT_PROTOTYPES = YES;
				CLANG_WARN_SUSPICIOUS_MOVE = YES;
				CLANG_WARN_UNGUARDED_AVAILABILITY = YES_AGGRESSIVE;
				CLANG_WARN_UNREACHABLE_CODE = YES;
				CLANG_WARN__DUPLICATE_METHOD_MATCH = YES;
				COPY_PHASE_STRIP = NO;
				DEBUG_INFORMATION_FORMAT = "dwarf-with-dsym";
				ENABLE_NS_ASSERTIONS = NO;
				ENABLE_STRICT_OBJC_MSGSEND = YES;
				GCC_C_LANGUAGE_STANDARD = gnu11;
				GCC_NO_COMMON_BLOCKS = YES;
				GCC_WARN_64_TO_32_BIT_CONVERSION = YES;
				GCC_WARN_ABOUT_RETURN_TYPE = YES_ERROR;
				GCC_WARN_UNDECLARED_SELECTOR = YES;
				GCC_WARN_UNINITIALIZED_AUTOS = YES_AGGRESSIVE;
				GCC_WARN_UNUSED_FUNCTION = YES;
				GCC_WARN_UNUSED_VARIABLE = YES;
				IPHONEOS_DEPLOYMENT_TARGET = 13.5;
				MTL_ENABLE_DEBUG_INFO = NO;
				MTL_FAST_MATH = YES;
				SDKROOT = iphoneos;
				SWIFT_COMPILATION_MODE = wholemodule;
				SWIFT_OPTIMIZATION_LEVEL = "-O";
				VALIDATE_PRODUCT = YES;
			};
			name = Release;
		};
		F35F88BD24BC516A00345080 /* Debug */ = {
			isa = XCBuildConfiguration;
			buildSettings = {
				ASSETCATALOG_COMPILER_APPICON_NAME = AppIcon;
				CODE_SIGN_STYLE = Automatic;
				DEVELOPMENT_TEAM = VZ6F22RVB9;
				INFOPLIST_FILE = Contacts/Info.plist;
				LD_RUNPATH_SEARCH_PATHS = (
					"$(inherited)",
					"@executable_path/Frameworks",
				);
				PRODUCT_BUNDLE_IDENTIFIER = com.djimon.Contacts;
				PRODUCT_NAME = "$(TARGET_NAME)";
				SWIFT_VERSION = 5.0;
				TARGETED_DEVICE_FAMILY = "1,2";
			};
			name = Debug;
		};
		F35F88BE24BC516A00345080 /* Release */ = {
			isa = XCBuildConfiguration;
			buildSettings = {
				ASSETCATALOG_COMPILER_APPICON_NAME = AppIcon;
				CODE_SIGN_STYLE = Automatic;
				DEVELOPMENT_TEAM = VZ6F22RVB9;
				INFOPLIST_FILE = Contacts/Info.plist;
				LD_RUNPATH_SEARCH_PATHS = (
					"$(inherited)",
					"@executable_path/Frameworks",
				);
				PRODUCT_BUNDLE_IDENTIFIER = com.djimon.Contacts;
				PRODUCT_NAME = "$(TARGET_NAME)";
				SWIFT_VERSION = 5.0;
				TARGETED_DEVICE_FAMILY = "1,2";
			};
			name = Release;
		};
		F35F88C024BC516A00345080 /* Debug */ = {
			isa = XCBuildConfiguration;
			buildSettings = {
				ALWAYS_EMBED_SWIFT_STANDARD_LIBRARIES = YES;
				BUNDLE_LOADER = "$(TEST_HOST)";
				CODE_SIGN_STYLE = Automatic;
				DEVELOPMENT_TEAM = VZ6F22RVB9;
				INFOPLIST_FILE = ContactsTests/Info.plist;
				IPHONEOS_DEPLOYMENT_TARGET = 13.5;
				LD_RUNPATH_SEARCH_PATHS = (
					"$(inherited)",
					"@executable_path/Frameworks",
					"@loader_path/Frameworks",
				);
				PRODUCT_BUNDLE_IDENTIFIER = com.example.ContactsTests;
				PRODUCT_NAME = "$(TARGET_NAME)";
				SWIFT_VERSION = 5.0;
				TARGETED_DEVICE_FAMILY = "1,2";
				TEST_HOST = "$(BUILT_PRODUCTS_DIR)/Contacts.app/Contacts";
			};
			name = Debug;
		};
		F35F88C124BC516A00345080 /* Release */ = {
			isa = XCBuildConfiguration;
			buildSettings = {
				ALWAYS_EMBED_SWIFT_STANDARD_LIBRARIES = YES;
				BUNDLE_LOADER = "$(TEST_HOST)";
				CODE_SIGN_STYLE = Automatic;
				DEVELOPMENT_TEAM = VZ6F22RVB9;
				INFOPLIST_FILE = ContactsTests/Info.plist;
				IPHONEOS_DEPLOYMENT_TARGET = 13.5;
				LD_RUNPATH_SEARCH_PATHS = (
					"$(inherited)",
					"@executable_path/Frameworks",
					"@loader_path/Frameworks",
				);
				PRODUCT_BUNDLE_IDENTIFIER = com.example.ContactsTests;
				PRODUCT_NAME = "$(TARGET_NAME)";
				SWIFT_VERSION = 5.0;
				TARGETED_DEVICE_FAMILY = "1,2";
				TEST_HOST = "$(BUILT_PRODUCTS_DIR)/Contacts.app/Contacts";
			};
			name = Release;
		};
/* End XCBuildConfiguration section */

/* Begin XCConfigurationList section */
		F35F889824BC516900345080 /* Build configuration list for PBXProject "Contacts" */ = {
			isa = XCConfigurationList;
			buildConfigurations = (
				F35F88BA24BC516A00345080 /* Debug */,
				F35F88BB24BC516A00345080 /* Release */,
			);
			defaultConfigurationIsVisible = 0;
			defaultConfigurationName = Release;
		};
		F35F88BC24BC516A00345080 /* Build configuration list for PBXNativeTarget "Contacts" */ = {
			isa = XCConfigurationList;
			buildConfigurations = (
				F35F88BD24BC516A00345080 /* Debug */,
				F35F88BE24BC516A00345080 /* Release */,
			);
			defaultConfigurationIsVisible = 0;
			defaultConfigurationName = Release;
		};
		F35F88BF24BC516A00345080 /* Build configuration list for PBXNativeTarget "ContactsTests" */ = {
			isa = XCConfigurationList;
			buildConfigurations = (
				F35F88C024BC516A00345080 /* Debug */,
				F35F88C124BC516A00345080 /* Release */,
			);
			defaultConfigurationIsVisible = 0;
			defaultConfigurationName = Release;
		};
/* End XCConfigurationList section */
	};
	rootObject = F35F889524BC516900345080 /* Project object */;
}
